dependencies:
- name: postgresql
  repository: https://charts.helm.sh/stable/
  version: 0.8.3
- name: mysql
  repository: https://charts.helm.sh/stable/
  version: 0.6.0
digest: sha256:efce8f8749176af2d64db960472bdc401e2316489b2867f9315a19828e2c2c5b
generated: "2023-02-07T16:58:03.077491219+01:00"
